
Microsoft Visual Studio Solution File, Format Version 12.00
# Visual Studio 14
VisualStudioVersion = 14.0.25123.0
MinimumVisualStudioVersion = 10.0.40219.1
Project("{FAE04EC0-301F-11D3-BF4B-00C04F79EFBC}") = "GlavnaNit", "GlavnaNit\GlavnaNit.csproj", "{8D4DDBB9-FB84-4D18-8BAF-635AD528B857}"
EndProject
Project("{FAE04EC0-301F-11D3-BF4B-00C04F79EFBC}") = "PodNit", "PodNit\PodNit.csproj", "{94CD7F35-4A43-46A1-BE17-E8322DB5DE80}"
EndProject
Global
	GlobalSection(SolutionConfigurationPlatforms) = preSolution
		Debug|Any CPU = Debug|Any CPU
		Release|Any CPU = Release|Any CPU
	EndGlobalSection
	GlobalSection(ProjectConfigurationPlatforms) = postSolution
		{8D4DDBB9-FB84-4D18-8BAF-635AD528B857}.Debug|Any CPU.ActiveCfg = Debug|Any CPU
		{8D4DDBB9-FB84-4D18-8BAF-635AD528B857}.Debug|Any CPU.Build.0 = Debug|Any CPU
		{8D4DDBB9-FB84-4D18-8BAF-635AD528B857}.Release|Any CPU.ActiveCfg = Release|Any CPU
		{8D4DDBB9-FB84-4D18-8BAF-635AD528B857}.Release|Any CPU.Build.0 = Release|Any CPU
		{94CD7F35-4A43-46A1-BE17-E8322DB5DE80}.Debug|Any CPU.ActiveCfg = Debug|Any CPU
		{94CD7F35-4A43-46A1-BE17-E8322DB5DE80}.Debug|Any CPU.Build.0 = Debug|Any CPU
		{94CD7F35-4A43-46A1-BE17-E8322DB5DE80}.Release|Any CPU.ActiveCfg = Release|Any CPU
		{94CD7F35-4A43-46A1-BE17-E8322DB5DE80}.Release|Any CPU.Build.0 = Release|Any CPU
	EndGlobalSection
	GlobalSection(SolutionProperties) = preSolution
		HideSolutionNode = FALSE
	EndGlobalSection
EndGlobal
